Microsoft Visual Studio Solution File, Format Version 8.00
Project("{8BC9CEB8-8B4A-11D0-8D11-00A0C91BC942}") = "Conform", "..\Conform\Conform.vcproj", "{F8562D68-7811-46B0-921C-08F4250DDB35}"
	ProjectSection(ProjectDependencies) = postProject
	EndProjectSection
EndProject
Project("{8BC9CEB8-8B4A-11D0-8D11-00A0C91BC942}") = "MDI", "..\MDIDocVw\MDI.vcproj", "{5999B8E3-53D7-4FDB-B015-5E9B49B28B31}"
	ProjectSection(ProjectDependencies) = postProject
	EndProjectSection
EndProject
Project("{8BC9CEB8-8B4A-11D0-8D11-00A0C91BC942}") = "QuickStart", "..\QuickStart\QuickStart.vcproj", "{AB66C0E0-A59D-4E9A-A163-53E0BF1A3160}"
	ProjectSection(ProjectDependencies) = postProject
	EndProjectSection
EndProject
Project("{8BC9CEB8-8B4A-11D0-8D11-00A0C91BC942}") = "TomatoStyle", "..\TomatoStyle\TomatoStyle.vcproj", "{E3A76AF9-3D14-48E3-8844-4E5A1B6B8CA5}"
	ProjectSection(ProjectDependencies) = postProject
	EndProjectSection
EndProject
Global
	GlobalSection(SolutionConfiguration) = preSolution
		Debug = Debug
		Release = Release
	EndGlobalSection
	GlobalSection(ProjectConfiguration) = postSolution
		{F8562D68-7811-46B0-921C-08F4250DDB35}.Debug.ActiveCfg = Debug|Win32
		{F8562D68-7811-46B0-921C-08F4250DDB35}.Debug.Build.0 = Debug|Win32
		{F8562D68-7811-46B0-921C-08F4250DDB35}.Release.ActiveCfg = Release|Win32
		{F8562D68-7811-46B0-921C-08F4250DDB35}.Release.Build.0 = Release|Win32
		{5999B8E3-53D7-4FDB-B015-5E9B49B28B31}.Debug.ActiveCfg = Debug|Win32
		{5999B8E3-53D7-4FDB-B015-5E9B49B28B31}.Debug.Build.0 = Debug|Win32
		{5999B8E3-53D7-4FDB-B015-5E9B49B28B31}.Release.ActiveCfg = Release|Win32
		{5999B8E3-53D7-4FDB-B015-5E9B49B28B31}.Release.Build.0 = Release|Win32
		{AB66C0E0-A59D-4E9A-A163-53E0BF1A3160}.Debug.ActiveCfg = Debug|Win32
		{AB66C0E0-A59D-4E9A-A163-53E0BF1A3160}.Debug.Build.0 = Debug|Win32
		{AB66C0E0-A59D-4E9A-A163-53E0BF1A3160}.Release.ActiveCfg = Release|Win32
		{AB66C0E0-A59D-4E9A-A163-53E0BF1A3160}.Release.Build.0 = Release|Win32
		{E3A76AF9-3D14-48E3-8844-4E5A1B6B8CA5}.Debug.ActiveCfg = Debug|Win32
		{E3A76AF9-3D14-48E3-8844-4E5A1B6B8CA5}.Debug.Build.0 = Debug|Win32
		{E3A76AF9-3D14-48E3-8844-4E5A1B6B8CA5}.Release.ActiveCfg = Release|Win32
		{E3A76AF9-3D14-48E3-8844-4E5A1B6B8CA5}.Release.Build.0 = Release|Win32
	EndGlobalSection
	GlobalSection(ExtensibilityGlobals) = postSolution
	EndGlobalSection
	GlobalSection(ExtensibilityAddIns) = postSolution
	EndGlobalSection
EndGlobal
